{
    "_readme": [
        "This file locks the dependencies of your project to a known state",
        "Read more about it at https://getcomposer.org/doc/01-basic-usage.md#composer-lock-the-lock-file",
        "This file is @generated automatically"
    ],
    "hash": "1420d80856301853da1867e51149faae",
    "content-hash": "aa9d6251195da819517242a2c2f10c9a",
    "packages": [
        {
            "name": "codeigniter/framework",
            "version": "dev-master",
            "source": {
                "type": "git",
                "url": "https://github.com/bcit-ci/CodeIgniter.git",
                "reference": "53f8882f2b3db294aa75a0dc95e7a21c72c6e854"
            },
            "dist": {
                "type": "zip",
                "url": "https://api.github.com/repos/bcit-ci/CodeIgniter/zipball/53f8882f2b3db294aa75a0dc95e7a21c72c6e854",
                "reference": "53f8882f2b3db294aa75a0dc95e7a21c72c6e854",
                "shasum": ""
            },
            "require": {
                "php": ">=5.2.4"
            },
            "require-dev": {
                "mikey179/vfsstream": "1.1.*"
            },
            "type": "project",
            "notification-url": "https://packagist.org/downloads/",
            "license": [
                "MIT"
            ],
            "description": "The CodeIgniter framework",
            "homepage": "http://codeigniter.com",
            "time": "2015-08-07 11:37:02"
        },
        {
            "name": "d4mn/codeigniter-hmvc",
            "version": "dev-master",
            "source": {
                "type": "git",
                "url": "https://github.com/d4mn/codeigniter-hmvc.git",
                "reference": "d78577bb30e5de6b3f0e563ac84409a4010cf550"
            },
            "dist": {
                "type": "zip",
                "url": "https://api.github.com/repos/d4mn/codeigniter-hmvc/zipball/d78577bb30e5de6b3f0e563ac84409a4010cf550",
                "reference": "d78577bb30e5de6b3f0e563ac84409a4010cf550",
                "shasum": ""
            },
            "type": "library",
            "autoload": {
                "classmap": [
                    "core"
                ]
            },
            "license": [
                "MIT"
            ],
            "authors": [
                {
                    "name": "devmine",
                    "email": "admin@devmine.net",
                    "homepage": "http://devmine.net",
                    "role": "Genius"
                }
            ],
            "description": "HMVC Module for Codeigniter 3.x",
            "homepage": "http://devmine.net",
            "keywords": [
                "codeigniter",
                "codeigniter hmvc",
                "hmvc"
            ],
            "support": {
                "source": "https://github.com/d4mn/codeigniter-hmvc/tree/master",
                "issues": "https://github.com/d4mn/codeigniter-hmvc/issues"
            },
            "time": "2015-09-17 07:40:00"
        }
    ],
    "packages-dev": [],
    "aliases": [],
    "minimum-stability": "stable",
    "stability-flags": {
        "codeigniter/framework": 20,
        "d4mn/codeigniter-hmvc": 20
    },
    "prefer-stable": false,
    "prefer-lowest": false,
    "platform": [],
    "platform-dev": []
}
